
Microsoft Visual Studio Solution File, Format Version 12.00
# Visual Studio Version 17
VisualStudioVersion = 17.0.31903.59
MinimumVisualStudioVersion = 10.0.40219.1
Project("{FAE04EC0-301F-11D3-BF4B-00C04F79EFBC}") = "Backynet.Core", "Backynet.Core\Backynet.Core.csproj", "{C92C36D1-4CA9-4CFC-9DC1-14A3944291CA}"
EndProject
Project("{FAE04EC0-301F-11D3-BF4B-00C04F79EFBC}") = "Backynet.AspNetCore", "Backynet.AspNetCore\Backynet.AspNetCore.csproj", "{E93AD1A4-B7F6-48CD-995E-42623B43B16C}"
EndProject
Project("{FAE04EC0-301F-11D3-BF4B-00C04F79EFBC}") = "Backynet.PostgreSql", "Backynet.Postgresql\Backynet.PostgreSql.csproj", "{6477B7E5-4BAC-48C3-82C0-F6D4DEEB3D4B}"
EndProject
Project("{FAE04EC0-301F-11D3-BF4B-00C04F79EFBC}") = "Backynet.Tests", "Backynet.Tests\Backynet.Tests.csproj", "{3128E2F7-8613-44F8-B640-882A1F79D9AA}"
EndProject
Project("{FAE04EC0-301F-11D3-BF4B-00C04F79EFBC}") = "Backynet.PostgreSql.Tests", "Backynet.Postgresql.Tests\Backynet.PostgreSql.Tests.csproj", "{031ACB3A-92D4-4279-951E-4525C9CE905D}"
EndProject
Global
	GlobalSection(SolutionConfigurationPlatforms) = preSolution
		Debug|Any CPU = Debug|Any CPU
		Release|Any CPU = Release|Any CPU
	EndGlobalSection
	GlobalSection(SolutionProperties) = preSolution
		HideSolutionNode = FALSE
	EndGlobalSection
	GlobalSection(ProjectConfigurationPlatforms) = postSolution
		{C92C36D1-4CA9-4CFC-9DC1-14A3944291CA}.Debug|Any CPU.ActiveCfg = Debug|Any CPU
		{C92C36D1-4CA9-4CFC-9DC1-14A3944291CA}.Debug|Any CPU.Build.0 = Debug|Any CPU
		{C92C36D1-4CA9-4CFC-9DC1-14A3944291CA}.Release|Any CPU.ActiveCfg = Release|Any CPU
		{C92C36D1-4CA9-4CFC-9DC1-14A3944291CA}.Release|Any CPU.Build.0 = Release|Any CPU
		{E93AD1A4-B7F6-48CD-995E-42623B43B16C}.Debug|Any CPU.ActiveCfg = Debug|Any CPU
		{E93AD1A4-B7F6-48CD-995E-42623B43B16C}.Debug|Any CPU.Build.0 = Debug|Any CPU
		{E93AD1A4-B7F6-48CD-995E-42623B43B16C}.Release|Any CPU.ActiveCfg = Release|Any CPU
		{E93AD1A4-B7F6-48CD-995E-42623B43B16C}.Release|Any CPU.Build.0 = Release|Any CPU
		{6477B7E5-4BAC-48C3-82C0-F6D4DEEB3D4B}.Debug|Any CPU.ActiveCfg = Debug|Any CPU
		{6477B7E5-4BAC-48C3-82C0-F6D4DEEB3D4B}.Debug|Any CPU.Build.0 = Debug|Any CPU
		{6477B7E5-4BAC-48C3-82C0-F6D4DEEB3D4B}.Release|Any CPU.ActiveCfg = Release|Any CPU
		{6477B7E5-4BAC-48C3-82C0-F6D4DEEB3D4B}.Release|Any CPU.Build.0 = Release|Any CPU
		{3128E2F7-8613-44F8-B640-882A1F79D9AA}.Debug|Any CPU.ActiveCfg = Debug|Any CPU
		{3128E2F7-8613-44F8-B640-882A1F79D9AA}.Debug|Any CPU.Build.0 = Debug|Any CPU
		{3128E2F7-8613-44F8-B640-882A1F79D9AA}.Release|Any CPU.ActiveCfg = Release|Any CPU
		{3128E2F7-8613-44F8-B640-882A1F79D9AA}.Release|Any CPU.Build.0 = Release|Any CPU
		{031ACB3A-92D4-4279-951E-4525C9CE905D}.Debug|Any CPU.ActiveCfg = Debug|Any CPU
		{031ACB3A-92D4-4279-951E-4525C9CE905D}.Debug|Any CPU.Build.0 = Debug|Any CPU
		{031ACB3A-92D4-4279-951E-4525C9CE905D}.Release|Any CPU.ActiveCfg = Release|Any CPU
		{031ACB3A-92D4-4279-951E-4525C9CE905D}.Release|Any CPU.Build.0 = Release|Any CPU
	EndGlobalSection
EndGlobal
