
Microsoft Visual Studio Solution File, Format Version 12.00
# Visual Studio Version 17
VisualStudioVersion = 17.0.31903.59
MinimumVisualStudioVersion = 10.0.40219.1
Project("{2150E333-8FDC-42A3-9474-1A3956D46DE8}") = "src", "src", "{E8521B95-81DC-4ECF-9C32-1E91419DAFD0}"
EndProject
Project("{2150E333-8FDC-42A3-9474-1A3956D46DE8}") = "test", "test", "{0FAA0D6D-4A47-4BC6-9499-544CCA1354B7}"
EndProject
Project("{2150E333-8FDC-42A3-9474-1A3956D46DE8}") = ".solution", ".solution", "{E68FED44-5D94-42CA-AB0F-9FDF7C21CE36}"
	ProjectSection(SolutionItems) = preProject
		Directory.Packages.props = Directory.Packages.props
		.gitignore = .gitignore
		LICENSE = LICENSE
		qodana.yaml = qodana.yaml
		README.md = README.md
	EndProjectSection
EndProject
Project("{FAE04EC0-301F-11D3-BF4B-00C04F79EFBC}") = "Backynet", "src\Backynet\Backynet.csproj", "{02515080-8288-4033-A23E-4B9717F621A8}"
EndProject
Project("{FAE04EC0-301F-11D3-BF4B-00C04F79EFBC}") = "Backynet.AspNetCore", "src\Backynet.AspNetCore\Backynet.AspNetCore.csproj", "{140E5763-0DF3-4467-9B90-F278FD41F434}"
EndProject
Project("{FAE04EC0-301F-11D3-BF4B-00C04F79EFBC}") = "Backynet.PostgreSql", "src\Backynet.PostgreSql\Backynet.PostgreSql.csproj", "{036C2DAF-1380-4E7A-B8E1-3FDAEEB91066}"
EndProject
Project("{FAE04EC0-301F-11D3-BF4B-00C04F79EFBC}") = "Backynet.PostgreSql.Tests", "tests\Backynet.PostgreSql.Tests\Backynet.PostgreSql.Tests.csproj", "{6C095F3D-877C-432F-B926-AE4EA6A980F2}"
EndProject
Project("{FAE04EC0-301F-11D3-BF4B-00C04F79EFBC}") = "Backynet.Tests", "tests\Backynet.Tests\Backynet.Tests.csproj", "{BA37218C-0A99-450B-8715-83DCC4A6EDEA}"
EndProject
Project("{FAE04EC0-301F-11D3-BF4B-00C04F79EFBC}") = "Backynet.Tests.Performance", "tests\Backynet.Tests.Performance\Backynet.Tests.Performance.csproj", "{36F9BE26-972C-4A40-B364-D4A79228E229}"
EndProject
Project("{2150E333-8FDC-42A3-9474-1A3956D46DE8}") = "sample", "sample", "{C4512D6F-09A8-418F-86A4-C1DE17D69847}"
EndProject
Project("{FAE04EC0-301F-11D3-BF4B-00C04F79EFBC}") = "Basic", "sample\Basic\Basic.csproj", "{73AB93EA-52B6-4CD3-BB5F-E91624308694}"
EndProject
Project("{FAE04EC0-301F-11D3-BF4B-00C04F79EFBC}") = "WebApi", "sample\WebApi\WebApi.csproj", "{38967C00-3493-49CC-B34A-7D601C040DC0}"
EndProject
Global
	GlobalSection(SolutionConfigurationPlatforms) = preSolution
		Debug|Any CPU = Debug|Any CPU
		Release|Any CPU = Release|Any CPU
	EndGlobalSection
	GlobalSection(SolutionProperties) = preSolution
		HideSolutionNode = FALSE
	EndGlobalSection
	GlobalSection(ProjectConfigurationPlatforms) = postSolution
		{02515080-8288-4033-A23E-4B9717F621A8}.Debug|Any CPU.ActiveCfg = Debug|Any CPU
		{02515080-8288-4033-A23E-4B9717F621A8}.Debug|Any CPU.Build.0 = Debug|Any CPU
		{02515080-8288-4033-A23E-4B9717F621A8}.Release|Any CPU.ActiveCfg = Release|Any CPU
		{02515080-8288-4033-A23E-4B9717F621A8}.Release|Any CPU.Build.0 = Release|Any CPU
		{140E5763-0DF3-4467-9B90-F278FD41F434}.Debug|Any CPU.ActiveCfg = Debug|Any CPU
		{140E5763-0DF3-4467-9B90-F278FD41F434}.Debug|Any CPU.Build.0 = Debug|Any CPU
		{140E5763-0DF3-4467-9B90-F278FD41F434}.Release|Any CPU.ActiveCfg = Release|Any CPU
		{140E5763-0DF3-4467-9B90-F278FD41F434}.Release|Any CPU.Build.0 = Release|Any CPU
		{036C2DAF-1380-4E7A-B8E1-3FDAEEB91066}.Debug|Any CPU.ActiveCfg = Debug|Any CPU
		{036C2DAF-1380-4E7A-B8E1-3FDAEEB91066}.Debug|Any CPU.Build.0 = Debug|Any CPU
		{036C2DAF-1380-4E7A-B8E1-3FDAEEB91066}.Release|Any CPU.ActiveCfg = Release|Any CPU
		{036C2DAF-1380-4E7A-B8E1-3FDAEEB91066}.Release|Any CPU.Build.0 = Release|Any CPU
		{6C095F3D-877C-432F-B926-AE4EA6A980F2}.Debug|Any CPU.ActiveCfg = Debug|Any CPU
		{6C095F3D-877C-432F-B926-AE4EA6A980F2}.Debug|Any CPU.Build.0 = Debug|Any CPU
		{6C095F3D-877C-432F-B926-AE4EA6A980F2}.Release|Any CPU.ActiveCfg = Release|Any CPU
		{6C095F3D-877C-432F-B926-AE4EA6A980F2}.Release|Any CPU.Build.0 = Release|Any CPU
		{BA37218C-0A99-450B-8715-83DCC4A6EDEA}.Debug|Any CPU.ActiveCfg = Debug|Any CPU
		{BA37218C-0A99-450B-8715-83DCC4A6EDEA}.Debug|Any CPU.Build.0 = Debug|Any CPU
		{BA37218C-0A99-450B-8715-83DCC4A6EDEA}.Release|Any CPU.ActiveCfg = Release|Any CPU
		{BA37218C-0A99-450B-8715-83DCC4A6EDEA}.Release|Any CPU.Build.0 = Release|Any CPU
		{36F9BE26-972C-4A40-B364-D4A79228E229}.Debug|Any CPU.ActiveCfg = Debug|Any CPU
		{36F9BE26-972C-4A40-B364-D4A79228E229}.Debug|Any CPU.Build.0 = Debug|Any CPU
		{36F9BE26-972C-4A40-B364-D4A79228E229}.Release|Any CPU.ActiveCfg = Release|Any CPU
		{36F9BE26-972C-4A40-B364-D4A79228E229}.Release|Any CPU.Build.0 = Release|Any CPU
		{73AB93EA-52B6-4CD3-BB5F-E91624308694}.Debug|Any CPU.ActiveCfg = Debug|Any CPU
		{73AB93EA-52B6-4CD3-BB5F-E91624308694}.Debug|Any CPU.Build.0 = Debug|Any CPU
		{73AB93EA-52B6-4CD3-BB5F-E91624308694}.Release|Any CPU.ActiveCfg = Release|Any CPU
		{73AB93EA-52B6-4CD3-BB5F-E91624308694}.Release|Any CPU.Build.0 = Release|Any CPU
		{38967C00-3493-49CC-B34A-7D601C040DC0}.Debug|Any CPU.ActiveCfg = Debug|Any CPU
		{38967C00-3493-49CC-B34A-7D601C040DC0}.Debug|Any CPU.Build.0 = Debug|Any CPU
		{38967C00-3493-49CC-B34A-7D601C040DC0}.Release|Any CPU.ActiveCfg = Release|Any CPU
		{38967C00-3493-49CC-B34A-7D601C040DC0}.Release|Any CPU.Build.0 = Release|Any CPU
	EndGlobalSection
	GlobalSection(NestedProjects) = preSolution
		{02515080-8288-4033-A23E-4B9717F621A8} = {E8521B95-81DC-4ECF-9C32-1E91419DAFD0}
		{140E5763-0DF3-4467-9B90-F278FD41F434} = {E8521B95-81DC-4ECF-9C32-1E91419DAFD0}
		{036C2DAF-1380-4E7A-B8E1-3FDAEEB91066} = {E8521B95-81DC-4ECF-9C32-1E91419DAFD0}
		{6C095F3D-877C-432F-B926-AE4EA6A980F2} = {0FAA0D6D-4A47-4BC6-9499-544CCA1354B7}
		{BA37218C-0A99-450B-8715-83DCC4A6EDEA} = {0FAA0D6D-4A47-4BC6-9499-544CCA1354B7}
		{36F9BE26-972C-4A40-B364-D4A79228E229} = {0FAA0D6D-4A47-4BC6-9499-544CCA1354B7}
		{73AB93EA-52B6-4CD3-BB5F-E91624308694} = {C4512D6F-09A8-418F-86A4-C1DE17D69847}
		{38967C00-3493-49CC-B34A-7D601C040DC0} = {C4512D6F-09A8-418F-86A4-C1DE17D69847}
	EndGlobalSection
EndGlobal
